
Microsoft Visual Studio Solution File, Format Version 12.00
# Visual Studio 2013
VisualStudioVersion = 12.0.40629.0
MinimumVisualStudioVersion = 10.0.40219.1
Project("{FAE04EC0-301F-11D3-BF4B-00C04F79EFBC}") = "CimscoManage", "CimscoManage\CimscoManage.csproj", "{EE8E7594-CDD2-49AB-A176-BD0FE55D4B04}"
EndProject
Project("{FAE04EC0-301F-11D3-BF4B-00C04F79EFBC}") = "CimscoManage.Tests", "CimscoManage.Tests\CimscoManage.Tests.csproj", "{90C12082-DD0E-40C0-A942-05FF91AD7B0E}"
EndProject
Project("{FAE04EC0-301F-11D3-BF4B-00C04F79EFBC}") = "InvoiceFile", "InvoiceFile\InvoiceFile.csproj", "{4E2E5A59-2B6B-4DA3-9848-A94FA14BDD81}"
EndProject
Global
	GlobalSection(SolutionConfigurationPlatforms) = preSolution
		Debug|Any CPU = Debug|Any CPU
		Release|Any CPU = Release|Any CPU
	EndGlobalSection
	GlobalSection(ProjectConfigurationPlatforms) = postSolution
		{EE8E7594-CDD2-49AB-A176-BD0FE55D4B04}.Debug|Any CPU.ActiveCfg = Debug|Any CPU
		{EE8E7594-CDD2-49AB-A176-BD0FE55D4B04}.Debug|Any CPU.Build.0 = Debug|Any CPU
		{EE8E7594-CDD2-49AB-A176-BD0FE55D4B04}.Release|Any CPU.ActiveCfg = Release|Any CPU
		{EE8E7594-CDD2-49AB-A176-BD0FE55D4B04}.Release|Any CPU.Build.0 = Release|Any CPU
		{90C12082-DD0E-40C0-A942-05FF91AD7B0E}.Debug|Any CPU.ActiveCfg = Debug|Any CPU
		{90C12082-DD0E-40C0-A942-05FF91AD7B0E}.Debug|Any CPU.Build.0 = Debug|Any CPU
		{90C12082-DD0E-40C0-A942-05FF91AD7B0E}.Release|Any CPU.ActiveCfg = Release|Any CPU
		{90C12082-DD0E-40C0-A942-05FF91AD7B0E}.Release|Any CPU.Build.0 = Release|Any CPU
		{4E2E5A59-2B6B-4DA3-9848-A94FA14BDD81}.Debug|Any CPU.ActiveCfg = Debug|Any CPU
		{4E2E5A59-2B6B-4DA3-9848-A94FA14BDD81}.Debug|Any CPU.Build.0 = Debug|Any CPU
		{4E2E5A59-2B6B-4DA3-9848-A94FA14BDD81}.Release|Any CPU.ActiveCfg = Release|Any CPU
		{4E2E5A59-2B6B-4DA3-9848-A94FA14BDD81}.Release|Any CPU.Build.0 = Release|Any CPU
	EndGlobalSection
	GlobalSection(SolutionProperties) = preSolution
		HideSolutionNode = FALSE
	EndGlobalSection
EndGlobal
